# THIS IS AN AUTOGENERATED FILE. DO NOT EDIT THIS FILE DIRECTLY.
# yarn lockfile v1


"@types/node@^8.0.52":
  version "8.0.52"
  resolved "https://registry.yarnpkg.com/@types/node/-/node-8.0.52.tgz#8e7f47747868e7687f2cd4922966e2d6af78d22d"

typescript@^2.6.1:
  version "2.6.1"
  resolved "https://registry.yarnpkg.com/typescript/-/typescript-2.6.1.tgz#ef39cdea27abac0b500242d6726ab90e0c846631"
